
Microsoft Visual Studio Solution File, Format Version 12.00
# Visual Studio Version 17
VisualStudioVersion = 17.13.35818.85 d17.13
MinimumVisualStudioVersion = 10.0.40219.1
Project("{FAE04EC0-301F-11D3-BF4B-00C04F79EFBC}") = "TestJobSRMD", "TestJobSRMD\TestJobSRMD.csproj", "{1B888856-FFE0-4B53-99DC-20BAC0688BC4}"
EndProject
Global
	GlobalSection(SolutionConfigurationPlatforms) = preSolution
		Debug|Any CPU = Debug|Any CPU
		Release|Any CPU = Release|Any CPU
	EndGlobalSection
	GlobalSection(ProjectConfigurationPlatforms) = postSolution
		{1B888856-FFE0-4B53-99DC-20BAC0688BC4}.Debug|Any CPU.ActiveCfg = Debug|Any CPU
		{1B888856-FFE0-4B53-99DC-20BAC0688BC4}.Debug|Any CPU.Build.0 = Debug|Any CPU
		{1B888856-FFE0-4B53-99DC-20BAC0688BC4}.Release|Any CPU.ActiveCfg = Release|Any CPU
		{1B888856-FFE0-4B53-99DC-20BAC0688BC4}.Release|Any CPU.Build.0 = Release|Any CPU
	EndGlobalSection
	GlobalSection(SolutionProperties) = preSolution
		HideSolutionNode = FALSE
	EndGlobalSection
	GlobalSection(ExtensibilityGlobals) = postSolution
		SolutionGuid = {72F9402E-490E-4C62-8A8A-43EFD669056D}
	EndGlobalSection
EndGlobal
